
Microsoft Visual Studio Solution File, Format Version 12.00
# Visual Studio Version 16
VisualStudioVersion = 16.0.29230.47
MinimumVisualStudioVersion = 10.0.40219.1
Project("{FAE04EC0-301F-11D3-BF4B-00C04F79EFBC}") = "PuzzleGame.Android", "PuzzleGame.Android\PuzzleGame.Android.csproj", "{AAD86A23-D9F9-4865-8D0B-63F81BD1B749}"
EndProject
Project("{FAE04EC0-301F-11D3-BF4B-00C04F79EFBC}") = "PuzzleGame.iOS", "PuzzleGame.iOS\PuzzleGame.iOS.csproj", "{1A7082BB-E841-4BC4-B490-32FEDBD4A3F3}"
EndProject
Project("{FAE04EC0-301F-11D3-BF4B-00C04F79EFBC}") = "PuzzleGame", "PuzzleGame\PuzzleGame.csproj", "{388763AC-5E4F-456C-9BAD-7D7B6A1A2679}"
EndProject
Global
	GlobalSection(SolutionConfigurationPlatforms) = preSolution
		Debug|Any CPU = Debug|Any CPU
		Debug|iPhone = Debug|iPhone
		Debug|iPhoneSimulator = Debug|iPhoneSimulator
		Release|Any CPU = Release|Any CPU
		Release|iPhone = Release|iPhone
		Release|iPhoneSimulator = Release|iPhoneSimulator
	EndGlobalSection
	GlobalSection(ProjectConfigurationPlatforms) = postSolution
		{AAD86A23-D9F9-4865-8D0B-63F81BD1B749}.Debug|Any CPU.ActiveCfg = Debug|Any CPU
		{AAD86A23-D9F9-4865-8D0B-63F81BD1B749}.Debug|Any CPU.Build.0 = Debug|Any CPU
		{AAD86A23-D9F9-4865-8D0B-63F81BD1B749}.Debug|Any CPU.Deploy.0 = Debug|Any CPU
		{AAD86A23-D9F9-4865-8D0B-63F81BD1B749}.Debug|iPhone.ActiveCfg = Debug|Any CPU
		{AAD86A23-D9F9-4865-8D0B-63F81BD1B749}.Debug|iPhone.Build.0 = Debug|Any CPU
		{AAD86A23-D9F9-4865-8D0B-63F81BD1B749}.Debug|iPhone.Deploy.0 = Debug|Any CPU
		{AAD86A23-D9F9-4865-8D0B-63F81BD1B749}.Debug|iPhoneSimulator.ActiveCfg = Debug|Any CPU
		{AAD86A23-D9F9-4865-8D0B-63F81BD1B749}.Debug|iPhoneSimulator.Build.0 = Debug|Any CPU
		{AAD86A23-D9F9-4865-8D0B-63F81BD1B749}.Debug|iPhoneSimulator.Deploy.0 = Debug|Any CPU
		{AAD86A23-D9F9-4865-8D0B-63F81BD1B749}.Release|Any CPU.ActiveCfg = Release|Any CPU
		{AAD86A23-D9F9-4865-8D0B-63F81BD1B749}.Release|Any CPU.Build.0 = Release|Any CPU
		{AAD86A23-D9F9-4865-8D0B-63F81BD1B749}.Release|Any CPU.Deploy.0 = Release|Any CPU
		{AAD86A23-D9F9-4865-8D0B-63F81BD1B749}.Release|iPhone.ActiveCfg = Release|Any CPU
		{AAD86A23-D9F9-4865-8D0B-63F81BD1B749}.Release|iPhone.Build.0 = Release|Any CPU
		{AAD86A23-D9F9-4865-8D0B-63F81BD1B749}.Release|iPhone.Deploy.0 = Release|Any CPU
		{AAD86A23-D9F9-4865-8D0B-63F81BD1B749}.Release|iPhoneSimulator.ActiveCfg = Release|Any CPU
		{AAD86A23-D9F9-4865-8D0B-63F81BD1B749}.Release|iPhoneSimulator.Build.0 = Release|Any CPU
		{AAD86A23-D9F9-4865-8D0B-63F81BD1B749}.Release|iPhoneSimulator.Deploy.0 = Release|Any CPU
		{1A7082BB-E841-4BC4-B490-32FEDBD4A3F3}.Debug|Any CPU.ActiveCfg = Debug|iPhoneSimulator
		{1A7082BB-E841-4BC4-B490-32FEDBD4A3F3}.Debug|Any CPU.Build.0 = Debug|iPhoneSimulator
		{1A7082BB-E841-4BC4-B490-32FEDBD4A3F3}.Debug|Any CPU.Deploy.0 = Debug|iPhoneSimulator
		{1A7082BB-E841-4BC4-B490-32FEDBD4A3F3}.Debug|iPhone.ActiveCfg = Debug|iPhone
		{1A7082BB-E841-4BC4-B490-32FEDBD4A3F3}.Debug|iPhone.Build.0 = Debug|iPhone
		{1A7082BB-E841-4BC4-B490-32FEDBD4A3F3}.Debug|iPhone.Deploy.0 = Debug|iPhone
		{1A7082BB-E841-4BC4-B490-32FEDBD4A3F3}.Debug|iPhoneSimulator.ActiveCfg = Debug|iPhoneSimulator
		{1A7082BB-E841-4BC4-B490-32FEDBD4A3F3}.Debug|iPhoneSimulator.Build.0 = Debug|iPhoneSimulator
		{1A7082BB-E841-4BC4-B490-32FEDBD4A3F3}.Debug|iPhoneSimulator.Deploy.0 = Debug|iPhoneSimulator
		{1A7082BB-E841-4BC4-B490-32FEDBD4A3F3}.Release|Any CPU.ActiveCfg = Release|iPhone
		{1A7082BB-E841-4BC4-B490-32FEDBD4A3F3}.Release|Any CPU.Build.0 = Release|iPhone
		{1A7082BB-E841-4BC4-B490-32FEDBD4A3F3}.Release|Any CPU.Deploy.0 = Release|iPhone
		{1A7082BB-E841-4BC4-B490-32FEDBD4A3F3}.Release|iPhone.ActiveCfg = Release|iPhone
		{1A7082BB-E841-4BC4-B490-32FEDBD4A3F3}.Release|iPhone.Build.0 = Release|iPhone
		{1A7082BB-E841-4BC4-B490-32FEDBD4A3F3}.Release|iPhone.Deploy.0 = Release|iPhone
		{1A7082BB-E841-4BC4-B490-32FEDBD4A3F3}.Release|iPhoneSimulator.ActiveCfg = Release|iPhoneSimulator
		{1A7082BB-E841-4BC4-B490-32FEDBD4A3F3}.Release|iPhoneSimulator.Build.0 = Release|iPhoneSimulator
		{1A7082BB-E841-4BC4-B490-32FEDBD4A3F3}.Release|iPhoneSimulator.Deploy.0 = Release|iPhoneSimulator
		{388763AC-5E4F-456C-9BAD-7D7B6A1A2679}.Debug|Any CPU.ActiveCfg = Debug|Any CPU
		{388763AC-5E4F-456C-9BAD-7D7B6A1A2679}.Debug|Any CPU.Build.0 = Debug|Any CPU
		{388763AC-5E4F-456C-9BAD-7D7B6A1A2679}.Debug|Any CPU.Deploy.0 = Debug|Any CPU
		{388763AC-5E4F-456C-9BAD-7D7B6A1A2679}.Debug|iPhone.ActiveCfg = Debug|Any CPU
		{388763AC-5E4F-456C-9BAD-7D7B6A1A2679}.Debug|iPhone.Build.0 = Debug|Any CPU
		{388763AC-5E4F-456C-9BAD-7D7B6A1A2679}.Debug|iPhone.Deploy.0 = Debug|Any CPU
		{388763AC-5E4F-456C-9BAD-7D7B6A1A2679}.Debug|iPhoneSimulator.ActiveCfg = Debug|Any CPU
		{388763AC-5E4F-456C-9BAD-7D7B6A1A2679}.Debug|iPhoneSimulator.Build.0 = Debug|Any CPU
		{388763AC-5E4F-456C-9BAD-7D7B6A1A2679}.Debug|iPhoneSimulator.Deploy.0 = Debug|Any CPU
		{388763AC-5E4F-456C-9BAD-7D7B6A1A2679}.Release|Any CPU.ActiveCfg = Release|Any CPU
		{388763AC-5E4F-456C-9BAD-7D7B6A1A2679}.Release|Any CPU.Build.0 = Release|Any CPU
		{388763AC-5E4F-456C-9BAD-7D7B6A1A2679}.Release|Any CPU.Deploy.0 = Release|Any CPU
		{388763AC-5E4F-456C-9BAD-7D7B6A1A2679}.Release|iPhone.ActiveCfg = Release|Any CPU
		{388763AC-5E4F-456C-9BAD-7D7B6A1A2679}.Release|iPhone.Build.0 = Release|Any CPU
		{388763AC-5E4F-456C-9BAD-7D7B6A1A2679}.Release|iPhone.Deploy.0 = Release|Any CPU
		{388763AC-5E4F-456C-9BAD-7D7B6A1A2679}.Release|iPhoneSimulator.ActiveCfg = Release|Any CPU
		{388763AC-5E4F-456C-9BAD-7D7B6A1A2679}.Release|iPhoneSimulator.Build.0 = Release|Any CPU
		{388763AC-5E4F-456C-9BAD-7D7B6A1A2679}.Release|iPhoneSimulator.Deploy.0 = Release|Any CPU
	EndGlobalSection
	GlobalSection(SolutionProperties) = preSolution
		HideSolutionNode = FALSE
	EndGlobalSection
	GlobalSection(ExtensibilityGlobals) = postSolution
		SolutionGuid = {54DF5EA3-B6A0-4A29-ABA4-E161BAB7DF31}
	EndGlobalSection
EndGlobal
